
Microsoft Visual Studio Solution File, Format Version 12.00
# Visual Studio 15
Project("{FAE04EC0-301F-11D3-BF4B-00C04F79EFBC}") = "Assembly-CSharp", "Assembly-CSharp.csproj", "{5F22D834-BA65-F0B2-518F-778E8CA4679F}"
EndProject
Project("{FAE04EC0-301F-11D3-BF4B-00C04F79EFBC}") = "Assembly-CSharp-firstpass", "Assembly-CSharp-firstpass.csproj", "{DA3253CE-0809-D2D4-D860-DF25952F31BE}"
EndProject
Global
	GlobalSection(SolutionConfigurationPlatforms) = preSolution
		Debug|Any CPU = Debug|Any CPU
		Release|Any CPU = Release|Any CPU
	EndGlobalSection
	GlobalSection(ProjectConfigurationPlatforms) = postSolution
		{5F22D834-BA65-F0B2-518F-778E8CA4679F}.Debug|Any CPU.ActiveCfg = Debug|Any CPU
		{5F22D834-BA65-F0B2-518F-778E8CA4679F}.Debug|Any CPU.Build.0 = Debug|Any CPU
		{5F22D834-BA65-F0B2-518F-778E8CA4679F}.Release|Any CPU.ActiveCfg = Release|Any CPU
		{5F22D834-BA65-F0B2-518F-778E8CA4679F}.Release|Any CPU.Build.0 = Release|Any CPU
		{DA3253CE-0809-D2D4-D860-DF25952F31BE}.Debug|Any CPU.ActiveCfg = Debug|Any CPU
		{DA3253CE-0809-D2D4-D860-DF25952F31BE}.Debug|Any CPU.Build.0 = Debug|Any CPU
		{DA3253CE-0809-D2D4-D860-DF25952F31BE}.Release|Any CPU.ActiveCfg = Release|Any CPU
		{DA3253CE-0809-D2D4-D860-DF25952F31BE}.Release|Any CPU.Build.0 = Release|Any CPU
	EndGlobalSection
	GlobalSection(SolutionProperties) = preSolution
		HideSolutionNode = FALSE
	EndGlobalSection
EndGlobal
